
Microsoft Visual Studio Solution File, Format Version 12.00
# Visual Studio Version 17
VisualStudioVersion = 17.8.34525.116
MinimumVisualStudioVersion = 10.0.40219.1
Project("{FAE04EC0-301F-11D3-BF4B-00C04F79EFBC}") = "lab51", "lab51.csproj", "{38CD2807-1D34-410A-A9C7-6005207C09B1}"
EndProject
Global
	GlobalSection(SolutionConfigurationPlatforms) = preSolution
		Debug|Any CPU = Debug|Any CPU
		Release|Any CPU = Release|Any CPU
	EndGlobalSection
	GlobalSection(ProjectConfigurationPlatforms) = postSolution
		{38CD2807-1D34-410A-A9C7-6005207C09B1}.Debug|Any CPU.ActiveCfg = Debug|Any CPU
		{38CD2807-1D34-410A-A9C7-6005207C09B1}.Debug|Any CPU.Build.0 = Debug|Any CPU
		{38CD2807-1D34-410A-A9C7-6005207C09B1}.Release|Any CPU.ActiveCfg = Release|Any CPU
		{38CD2807-1D34-410A-A9C7-6005207C09B1}.Release|Any CPU.Build.0 = Release|Any CPU
	EndGlobalSection
	GlobalSection(SolutionProperties) = preSolution
		HideSolutionNode = FALSE
	EndGlobalSection
	GlobalSection(ExtensibilityGlobals) = postSolution
		SolutionGuid = {E2076976-AD4F-41DA-B24F-114E8018C0A0}
	EndGlobalSection
EndGlobal
