
Microsoft Visual Studio Solution File, Format Version 12.00
# Visual Studio Version 17
VisualStudioVersion = 17.8.34525.116
MinimumVisualStudioVersion = 10.0.40219.1
Project("{FAE04EC0-301F-11D3-BF4B-00C04F79EFBC}") = "lab2", "lab2.csproj", "{EBCD0B88-B376-43EA-BC01-838AB97001CF}"
EndProject
Global
	GlobalSection(SolutionConfigurationPlatforms) = preSolution
		Debug|Any CPU = Debug|Any CPU
		Release|Any CPU = Release|Any CPU
	EndGlobalSection
	GlobalSection(ProjectConfigurationPlatforms) = postSolution
		{EBCD0B88-B376-43EA-BC01-838AB97001CF}.Debug|Any CPU.ActiveCfg = Debug|Any CPU
		{EBCD0B88-B376-43EA-BC01-838AB97001CF}.Debug|Any CPU.Build.0 = Debug|Any CPU
		{EBCD0B88-B376-43EA-BC01-838AB97001CF}.Release|Any CPU.ActiveCfg = Release|Any CPU
		{EBCD0B88-B376-43EA-BC01-838AB97001CF}.Release|Any CPU.Build.0 = Release|Any CPU
	EndGlobalSection
	GlobalSection(SolutionProperties) = preSolution
		HideSolutionNode = FALSE
	EndGlobalSection
	GlobalSection(ExtensibilityGlobals) = postSolution
		SolutionGuid = {6915CC61-0553-4DAA-8405-9F8197F9DD05}
	EndGlobalSection
EndGlobal
